<?xml version="1.0" encoding="utf-8"?>
<Project ToolsVersion="4.0" xmlns="http://schemas.microsoft.com/developer/msbuild/2003">
  <ItemGroup>
    <Filter Include="Source Files">
      <UniqueIdentifier>{4FC737F1-C7A5-4376-A066-2A32D752A2FF}</UniqueIdentifier>
      <Extensions>cpp;c;cc;cxx;def;odl;idl;hpj;bat;asm;asmx</Extensions>
    </Filter>
    <Filter Include="Header Files">
      <UniqueIdentifier>{93995380-89BD-4b04-88EB-625FBE52EBFB}</UniqueIdentifier>
      <Extensions>h;hpp;hxx;hm;inl;inc;xsd</Extensions>
    </Filter>
    <Filter Include="Resource Files">
      <UniqueIdentifier>{67DA6AB6-F800-4c08-8B7A-83BB121AAD01}</UniqueIdentifier>
      <Extensions>rc;ico;cur;bmp;dlg;rc2;rct;bin;rgs;gif;jpg;jpeg;jpe;resx;tiff;tif;png;wav;mfcribbon-ms</Extensions>
    </Filter>
    <Filter Include="Source Files\imgfun">
      <UniqueIdentifier>{dc795dc6-5f45-4c23-8f71-146f5ee56ca0}</UniqueIdentifier>
    </Filter>
    <Filter Include="Source Files\openal">
      <UniqueIdentifier>{a92c3fee-705e-4aad-9e15-1febc12627ec}</UniqueIdentifier>
    </Filter>
    <Filter Include="Source Files\curl">
      <UniqueIdentifier>{0066196c-cbf2-41a7-b02f-5049b6ed09ce}</UniqueIdentifier>
    </Filter>
    <Filter Include="Source Files\enet">
      <UniqueIdentifier>{a6c224da-8c82-4072-a800-1ceff24fb70a}</UniqueIdentifier>
    </Filter>
  </ItemGroup>
  <ItemGroup>
    <None Include="..\src\imgfun\generic\Makefile.am">
      <Filter>Source Files\imgfun</Filter>
    </None>
    <None Include="..\src\7k.ico">
      <Filter>Resource Files</Filter>
    </None>
    <None Include="packages.config" />
  </ItemGroup>
  <ItemGroup>
    <ResourceCompile Include="..\src\ico.rc">
      <Filter>Resource Files</Filter>
    </ResourceCompile>
  </ItemGroup>
  <ItemGroup>
    <ClCompile Include="..\src\imgfun\generic\CRC.cpp">
      <Filter>Source Files\imgfun</Filter>
    </ClCompile>
    <ClCompile Include="..\src\imgfun\generic\I_BAR.cpp">
      <Filter>Source Files\imgfun</Filter>
    </ClCompile>
    <ClCompile Include="..\src\imgfun\generic\I_BLACK.cpp">
      <Filter>Source Files\imgfun</Filter>
    </ClCompile>
    <ClCompile Include="..\src\imgfun\generic\I_EMASK.cpp">
      <Filter>Source Files\imgfun</Filter>
    </ClCompile>
    <ClCompile Include="..\src\imgfun\generic\I_EREMAP.cpp">
      <Filter>Source Files\imgfun</Filter>
    </ClCompile>
    <ClCompile Include="..\src\imgfun\generic\I_FONT.cpp">
      <Filter>Source Files\imgfun</Filter>
    </ClCompile>
    <ClCompile Include="..\src\imgfun\generic\I_FREMAP.cpp">
      <Filter>Source Files\imgfun</Filter>
    </ClCompile>
    <ClCompile Include="..\src\imgfun\generic\I_LINE.cpp">
      <Filter>Source Files\imgfun</Filter>
    </ClCompile>
    <ClCompile Include="..\src\imgfun\generic\I_PIXEL.cpp">
      <Filter>Source Files\imgfun</Filter>
    </ClCompile>
    <ClCompile Include="..\src\imgfun\generic\I_READ.cpp">
      <Filter>Source Files\imgfun</Filter>
    </ClCompile>
    <ClCompile Include="..\src\imgfun\generic\I_SNOW.cpp">
      <Filter>Source Files\imgfun</Filter>
    </ClCompile>
    <ClCompile Include="..\src\imgfun\generic\IB.cpp">
      <Filter>Source Files\imgfun</Filter>
    </ClCompile>
    <ClCompile Include="..\src\imgfun\generic\IB_32.cpp">
      <Filter>Source Files\imgfun</Filter>
    </ClCompile>
    <ClCompile Include="..\src\imgfun\generic\IB_A.cpp">
      <Filter>Source Files\imgfun</Filter>
    </ClCompile>
    <ClCompile Include="..\src\imgfun\generic\IB_AR.cpp">
      <Filter>Source Files\imgfun</Filter>
    </ClCompile>
    <ClCompile Include="..\src\imgfun\generic\IB_AT.cpp">
      <Filter>Source Files\imgfun</Filter>
    </ClCompile>
    <ClCompile Include="..\src\imgfun\generic\IB_ATD.cpp">
      <Filter>Source Files\imgfun</Filter>
    </ClCompile>
    <ClCompile Include="..\src\imgfun\generic\IB_ATDM.cpp">
      <Filter>Source Files\imgfun</Filter>
    </ClCompile>
    <ClCompile Include="..\src\imgfun\generic\IB_ATR.cpp">
      <Filter>Source Files\imgfun</Filter>
    </ClCompile>
    <ClCompile Include="..\src\imgfun\generic\IB_ATRD.cpp">
      <Filter>Source Files\imgfun</Filter>
    </ClCompile>
    <ClCompile Include="..\src\imgfun\generic\IB_ATRDM.cpp">
      <Filter>Source Files\imgfun</Filter>
    </ClCompile>
    <ClCompile Include="..\src\imgfun\generic\IB_DW.cpp">
      <Filter>Source Files\imgfun</Filter>
    </ClCompile>
    <ClCompile Include="..\src\imgfun\generic\IB_R.cpp">
      <Filter>Source Files\imgfun</Filter>
    </ClCompile>
    <ClCompile Include="..\src\imgfun\generic\IB_RD.cpp">
      <Filter>Source Files\imgfun</Filter>
    </ClCompile>
    <ClCompile Include="..\src\imgfun\generic\IB_T.cpp">
      <Filter>Source Files\imgfun</Filter>
    </ClCompile>
    <ClCompile Include="..\src\imgfun\generic\IB_TD.cpp">
      <Filter>Source Files\imgfun</Filter>
    </ClCompile>
    <ClCompile Include="..\src\imgfun\generic\IB_TDM.cpp">
      <Filter>Source Files\imgfun</Filter>
    </ClCompile>
    <ClCompile Include="..\src\imgfun\generic\IB_TR.cpp">
      <Filter>Source Files\imgfun</Filter>
    </ClCompile>
    <ClCompile Include="..\src\imgfun\generic\IB_TRD.cpp">
      <Filter>Source Files\imgfun</Filter>
    </ClCompile>
    <ClCompile Include="..\src\imgfun\generic\IB_TRDM.cpp">
      <Filter>Source Files\imgfun</Filter>
    </ClCompile>
    <ClCompile Include="..\src\imgfun\generic\IB2.cpp">
      <Filter>Source Files\imgfun</Filter>
    </ClCompile>
    <ClCompile Include="..\src\imgfun\generic\IC.cpp">
      <Filter>Source Files\imgfun</Filter>
    </ClCompile>
    <ClCompile Include="..\src\imgfun\generic\IC_R.cpp">
      <Filter>Source Files\imgfun</Filter>
    </ClCompile>
    <ClCompile Include="..\src\imgfun\generic\IJ_T.cpp">
      <Filter>Source Files\imgfun</Filter>
    </ClCompile>
    <ClCompile Include="..\src\imgfun\generic\IR.cpp">
      <Filter>Source Files\imgfun</Filter>
    </ClCompile>
    <ClCompile Include="..\src\imgfun\generic\IR_A.cpp">
      <Filter>Source Files\imgfun</Filter>
    </ClCompile>
    <ClCompile Include="..\src\imgfun\generic\IR_AM.cpp">
      <Filter>Source Files\imgfun</Filter>
    </ClCompile>
    <ClCompile Include="..\src\imgfun\generic\IR_BAR.cpp">
      <Filter>Source Files\imgfun</Filter>
    </ClCompile>
    <ClCompile Include="..\src\imgfun\generic\IR_M.cpp">
      <Filter>Source Files\imgfun</Filter>
    </ClCompile>
    <ClCompile Include="..\src\openal\openal_audio.cpp">
      <Filter>Source Files\openal</Filter>
    </ClCompile>
    <ClCompile Include="..\src\openal\wav_stream.cpp">
      <Filter>Source Files\openal</Filter>
    </ClCompile>
    <ClCompile Include="..\src\enet\multiplayer.cpp">
      <Filter>Source Files\enet</Filter>
    </ClCompile>
    <ClCompile Include="..\src\ReplayFile.cpp">
      <Filter>Source Files</Filter>
    </ClCompile>
    <ClCompile Include="..\src\session_desc.cpp">
      <Filter>Source Files</Filter>
    </ClCompile>
    <ClCompile Include="..\src\vgautil.cpp">
      <Filter>Source Files</Filter>
    </ClCompile>
    <ClCompile Include="..\src\vgautil2.cpp">
      <Filter>Source Files</Filter>
    </ClCompile>
    <ClCompile Include="..\src\AM.cpp">
      <Filter>Source Files</Filter>
    </ClCompile>
    <ClCompile Include="..\src\CmdLine.cpp">
      <Filter>Source Files</Filter>
    </ClCompile>
    <ClCompile Include="..\src\dbglog.cpp">
      <Filter>Source Files</Filter>
    </ClCompile>
    <ClCompile Include="..\src\file_input_stream.cpp">
      <Filter>Source Files</Filter>
    </ClCompile>
    <ClCompile Include="..\src\file_output_stream.cpp">
      <Filter>Source Files</Filter>
    </ClCompile>
    <ClCompile Include="..\src\file_reader.cpp">
      <Filter>Source Files</Filter>
    </ClCompile>
    <ClCompile Include="..\src\file_util.cpp">
      <Filter>Source Files</Filter>
    </ClCompile>
    <ClCompile Include="..\src\file_writer.cpp">
      <Filter>Source Files</Filter>
    </ClCompile>
    <ClCompile Include="..\src\input_stream.cpp">
      <Filter>Source Files</Filter>
    </ClCompile>
    <ClCompile Include="..\src\mem_input_stream.cpp">
      <Filter>Source Files</Filter>
    </ClCompile>
    <ClCompile Include="..\src\misc_uuid.cpp">
      <Filter>Source Files</Filter>
    </ClCompile>
    <ClCompile Include="..\src\OAI_ACT.cpp">
      <Filter>Source Files</Filter>
    </ClCompile>
    <ClCompile Include="..\src\OAI_ACT2.cpp">
      <Filter>Source Files</Filter>
    </ClCompile>
    <ClCompile Include="..\src\OAI_ATTK.cpp">
      <Filter>Source Files</Filter>
    </ClCompile>
    <ClCompile Include="..\src\OAI_BUIL.cpp">
      <Filter>Source Files</Filter>
    </ClCompile>
    <ClCompile Include="..\src\OAI_CAP2.cpp">
      <Filter>Source Files</Filter>
    </ClCompile>
    <ClCompile Include="..\src\OAI_CAPT.cpp">
      <Filter>Source Files</Filter>
    </ClCompile>
    <ClCompile Include="..\src\OAI_DEFE.cpp">
      <Filter>Source Files</Filter>
    </ClCompile>
    <ClCompile Include="..\src\OAI_DIPL.cpp">
      <Filter>Source Files</Filter>
    </ClCompile>
    <ClCompile Include="..\src\OAI_ECO.cpp">
      <Filter>Source Files</Filter>
    </ClCompile>
    <ClCompile Include="..\src\OAI_GRAN.cpp">
      <Filter>Source Files</Filter>
    </ClCompile>
    <ClCompile Include="..\src\OAI_INFO.cpp">
      <Filter>Source Files</Filter>
    </ClCompile>
    <ClCompile Include="..\src\OAI_MAIN.cpp">
      <Filter>Source Files</Filter>
    </ClCompile>
    <ClCompile Include="..\src\OAI_MAR2.cpp">
      <Filter>Source Files</Filter>
    </ClCompile>
    <ClCompile Include="..\src\OAI_MAR3.cpp">
      <Filter>Source Files</Filter>
    </ClCompile>
    <ClCompile Include="..\src\OAI_MARI.cpp">
      <Filter>Source Files</Filter>
    </ClCompile>
    <ClCompile Include="..\src\OAI_MILI.cpp">
      <Filter>Source Files</Filter>
    </ClCompile>
    <ClCompile Include="..\src\OAI_MONS.cpp">
      <Filter>Source Files</Filter>
    </ClCompile>
    <ClCompile Include="..\src\OAI_QUER.cpp">
      <Filter>Source Files</Filter>
    </ClCompile>
    <ClCompile Include="..\src\OAI_SEEK.cpp">
      <Filter>Source Files</Filter>
    </ClCompile>
    <ClCompile Include="..\src\OAI_SPY.cpp">
      <Filter>Source Files</Filter>
    </ClCompile>
    <ClCompile Include="..\src\OAI_TALK.cpp">
      <Filter>Source Files</Filter>
    </ClCompile>
    <ClCompile Include="..\src\OAI_TOWN.cpp">
      <Filter>Source Files</Filter>
    </ClCompile>
    <ClCompile Include="..\src\OAI_TRAD.cpp">
      <Filter>Source Files</Filter>
    </ClCompile>
    <ClCompile Include="..\src\OAI_UNIT.cpp">
      <Filter>Source Files</Filter>
    </ClCompile>
    <ClCompile Include="..\src\OANLINE.cpp">
      <Filter>Source Files</Filter>
    </ClCompile>
    <ClCompile Include="..\src\OB_FLAME.cpp">
      <Filter>Source Files</Filter>
    </ClCompile>
    <ClCompile Include="..\src\OB_HOMIN.cpp">
      <Filter>Source Files</Filter>
    </ClCompile>
    <ClCompile Include="..\src\OB_PROJ.cpp">
      <Filter>Source Files</Filter>
    </ClCompile>
    <ClCompile Include="..\src\OBATTLE.cpp">
      <Filter>Source Files</Filter>
    </ClCompile>
    <ClCompile Include="..\src\OBLOB.cpp">
      <Filter>Source Files</Filter>
    </ClCompile>
    <ClCompile Include="..\src\OBOX.cpp">
      <Filter>Source Files</Filter>
    </ClCompile>
    <ClCompile Include="..\src\OBULLET.cpp">
      <Filter>Source Files</Filter>
    </ClCompile>
    <ClCompile Include="..\src\OBULLETA.cpp">
      <Filter>Source Files</Filter>
    </ClCompile>
    <ClCompile Include="..\src\OBUTT3D.cpp">
      <Filter>Source Files</Filter>
    </ClCompile>
    <ClCompile Include="..\src\OBUTTCUS.cpp">
      <Filter>Source Files</Filter>
    </ClCompile>
    <ClCompile Include="..\src\OBUTTON.cpp">
      <Filter>Source Files</Filter>
    </ClCompile>
    <ClCompile Include="..\src\OCOLTBL.cpp">
      <Filter>Source Files</Filter>
    </ClCompile>
    <ClCompile Include="..\src\OCONFIG.cpp">
      <Filter>Source Files</Filter>
    </ClCompile>
    <ClCompile Include="..\src\OCRC_STO.cpp">
      <Filter>Source Files</Filter>
    </ClCompile>
    <ClCompile Include="..\src\ODATE.cpp">
      <Filter>Source Files</Filter>
    </ClCompile>
    <ClCompile Include="..\src\ODB.cpp">
      <Filter>Source Files</Filter>
    </ClCompile>
    <ClCompile Include="..\src\ODIR.cpp">
      <Filter>Source Files</Filter>
    </ClCompile>
    <ClCompile Include="..\src\ODYNARR.cpp">
      <Filter>Source Files</Filter>
    </ClCompile>
    <ClCompile Include="..\src\ODYNARRB.cpp">
      <Filter>Source Files</Filter>
    </ClCompile>
    <ClCompile Include="..\src\OEFFECT.cpp">
      <Filter>Source Files</Filter>
    </ClCompile>
    <ClCompile Include="..\src\OERRCTRL.cpp">
      <Filter>Source Files</Filter>
    </ClCompile>
    <ClCompile Include="..\src\OERROR.cpp">
      <Filter>Source Files</Filter>
    </ClCompile>
    <ClCompile Include="..\src\OEXPMASK.cpp">
      <Filter>Source Files</Filter>
    </ClCompile>
    <ClCompile Include="..\src\OF_BASE.cpp">
      <Filter>Source Files</Filter>
    </ClCompile>
    <ClCompile Include="..\src\OF_BASE2.cpp">
      <Filter>Source Files</Filter>
    </ClCompile>
    <ClCompile Include="..\src\OF_CAMP.cpp">
      <Filter>Source Files</Filter>
    </ClCompile>
    <ClCompile Include="..\src\OF_CAMP2.cpp">
      <Filter>Source Files</Filter>
    </ClCompile>
    <ClCompile Include="..\src\OF_FACT.cpp">
      <Filter>Source Files</Filter>
    </ClCompile>
    <ClCompile Include="..\src\OF_FACT2.cpp">
      <Filter>Source Files</Filter>
    </ClCompile>
    <ClCompile Include="..\src\OF_HARB.cpp">
      <Filter>Source Files</Filter>
    </ClCompile>
    <ClCompile Include="..\src\OF_HARB2.cpp">
      <Filter>Source Files</Filter>
    </ClCompile>
    <ClCompile Include="..\src\OF_INN.cpp">
      <Filter>Source Files</Filter>
    </ClCompile>
    <ClCompile Include="..\src\OF_INN2.cpp">
      <Filter>Source Files</Filter>
    </ClCompile>
    <ClCompile Include="..\src\OF_MARK.cpp">
      <Filter>Source Files</Filter>
    </ClCompile>
    <ClCompile Include="..\src\OF_MARK2.cpp">
      <Filter>Source Files</Filter>
    </ClCompile>
    <ClCompile Include="..\src\OF_MINE.cpp">
      <Filter>Source Files</Filter>
    </ClCompile>
    <ClCompile Include="..\src\OF_MINE2.cpp">
      <Filter>Source Files</Filter>
    </ClCompile>
    <ClCompile Include="..\src\OF_MONS.cpp">
      <Filter>Source Files</Filter>
    </ClCompile>
    <ClCompile Include="..\src\OF_RESE.cpp">
      <Filter>Source Files</Filter>
    </ClCompile>
    <ClCompile Include="..\src\OF_RESE2.cpp">
      <Filter>Source Files</Filter>
    </ClCompile>
    <ClCompile Include="..\src\OF_WAR.cpp">
      <Filter>Source Files</Filter>
    </ClCompile>
    <ClCompile Include="..\src\OF_WAR2.cpp">
      <Filter>Source Files</Filter>
    </ClCompile>
    <ClCompile Include="..\src\OFILE.cpp">
      <Filter>Source Files</Filter>
    </ClCompile>
    <ClCompile Include="..\src\OFILETXT.cpp">
      <Filter>Source Files</Filter>
    </ClCompile>
    <ClCompile Include="..\src\OFIRM.cpp">
      <Filter>Source Files</Filter>
    </ClCompile>
    <ClCompile Include="..\src\OFIRM2.cpp">
      <Filter>Source Files</Filter>
    </ClCompile>
    <ClCompile Include="..\src\OFIRMA.cpp">
      <Filter>Source Files</Filter>
    </ClCompile>
    <ClCompile Include="..\src\OFIRMAI.cpp">
      <Filter>Source Files</Filter>
    </ClCompile>
    <ClCompile Include="..\src\OFIRMDIE.cpp">
      <Filter>Source Files</Filter>
    </ClCompile>
    <ClCompile Include="..\src\OFIRMDRW.cpp">
      <Filter>Source Files</Filter>
    </ClCompile>
    <ClCompile Include="..\src\OFIRMIF.cpp">
      <Filter>Source Files</Filter>
    </ClCompile>
    <ClCompile Include="..\src\OFIRMIF2.cpp">
      <Filter>Source Files</Filter>
    </ClCompile>
    <ClCompile Include="..\src\OFIRMIF3.cpp">
      <Filter>Source Files</Filter>
    </ClCompile>
    <ClCompile Include="..\src\OFIRMRES.cpp">
      <Filter>Source Files</Filter>
    </ClCompile>
    <ClCompile Include="..\src\OFLAME.cpp">
      <Filter>Source Files</Filter>
    </ClCompile>
    <ClCompile Include="..\src\OFONT.cpp">
      <Filter>Source Files</Filter>
    </ClCompile>
    <ClCompile Include="..\src\OGAMCRED.cpp">
      <Filter>Source Files</Filter>
    </ClCompile>
    <ClCompile Include="..\src\OGAME.cpp">
      <Filter>Source Files</Filter>
    </ClCompile>
    <ClCompile Include="..\src\OGAMEMP.cpp">
      <Filter>Source Files</Filter>
    </ClCompile>
    <ClCompile Include="..\src\OGAMENCY.cpp">
      <Filter>Source Files</Filter>
    </ClCompile>
    <ClCompile Include="..\src\OGAMEND.cpp">
      <Filter>Source Files</Filter>
    </ClCompile>
    <ClCompile Include="..\src\OGAMESET.cpp">
      <Filter>Source Files</Filter>
    </ClCompile>
    <ClCompile Include="..\src\OGAMHALL.cpp">
      <Filter>Source Files</Filter>
    </ClCompile>
    <ClCompile Include="..\src\OGAMMAIN.cpp">
      <Filter>Source Files</Filter>
    </ClCompile>
    <ClCompile Include="..\src\OGAMMENU.cpp">
      <Filter>Source Files</Filter>
    </ClCompile>
    <ClCompile Include="..\src\OGAMSCE2.cpp">
      <Filter>Source Files</Filter>
    </ClCompile>
    <ClCompile Include="..\src\OGAMSCEN.cpp">
      <Filter>Source Files</Filter>
    </ClCompile>
    <ClCompile Include="..\src\OGAMSING.cpp">
      <Filter>Source Files</Filter>
    </ClCompile>
    <ClCompile Include="..\src\OGENHILL.cpp">
      <Filter>Source Files</Filter>
    </ClCompile>
    <ClCompile Include="..\src\OGENMAP.cpp">
      <Filter>Source Files</Filter>
    </ClCompile>
    <ClCompile Include="..\src\OGETA.cpp">
      <Filter>Source Files</Filter>
    </ClCompile>
    <ClCompile Include="..\src\OGF_V1.cpp">
      <Filter>Source Files</Filter>
    </ClCompile>
    <ClCompile Include="..\src\OGFILE.cpp">
      <Filter>Source Files</Filter>
    </ClCompile>
    <ClCompile Include="..\src\OGFILE2.cpp">
      <Filter>Source Files</Filter>
    </ClCompile>
    <ClCompile Include="..\src\OGFILE3.cpp">
      <Filter>Source Files</Filter>
    </ClCompile>
    <ClCompile Include="..\src\OGODRES.cpp">
      <Filter>Source Files</Filter>
    </ClCompile>
    <ClCompile Include="..\src\OGRPSEL.cpp">
      <Filter>Source Files</Filter>
    </ClCompile>
    <ClCompile Include="..\src\OHELP.cpp">
      <Filter>Source Files</Filter>
    </ClCompile>
    <ClCompile Include="..\src\OHILLRES.cpp">
      <Filter>Source Files</Filter>
    </ClCompile>
    <ClCompile Include="..\src\OIMGRES.cpp">
      <Filter>Source Files</Filter>
    </ClCompile>
    <ClCompile Include="..\src\OINFO.cpp">
      <Filter>Source Files</Filter>
    </ClCompile>
    <ClCompile Include="..\src\OINGMENU.cpp">
      <Filter>Source Files</Filter>
    </ClCompile>
    <ClCompile Include="..\src\OLIGHTN.cpp">
      <Filter>Source Files</Filter>
    </ClCompile>
    <ClCompile Include="..\src\OLIGHTN2.cpp">
      <Filter>Source Files</Filter>
    </ClCompile>
    <ClCompile Include="..\src\OLOG.cpp">
      <Filter>Source Files</Filter>
    </ClCompile>
    <ClCompile Include="..\src\OLONGLOG.cpp">
      <Filter>Source Files</Filter>
    </ClCompile>
    <ClCompile Include="..\src\OLZW.cpp">
      <Filter>Source Files</Filter>
    </ClCompile>
    <ClCompile Include="..\src\OMATRIX.cpp">
      <Filter>Source Files</Filter>
    </ClCompile>
    <ClCompile Include="..\src\OMEM.cpp">
      <Filter>Source Files</Filter>
    </ClCompile>
    <ClCompile Include="..\src\OMISC.cpp">
      <Filter>Source Files</Filter>
    </ClCompile>
    <ClCompile Include="..\src\OMONSRES.cpp">
      <Filter>Source Files</Filter>
    </ClCompile>
    <ClCompile Include="..\src\OMOUSE.cpp">
      <Filter>Source Files</Filter>
    </ClCompile>
    <ClCompile Include="..\src\OMOUSECR.cpp">
      <Filter>Source Files</Filter>
    </ClCompile>
    <ClCompile Include="..\src\OMP_CRC.cpp">
      <Filter>Source Files</Filter>
    </ClCompile>
    <ClCompile Include="..\src\OMUSIC.cpp">
      <Filter>Source Files</Filter>
    </ClCompile>
    <ClCompile Include="..\src\ONATIONA.cpp">
      <Filter>Source Files</Filter>
    </ClCompile>
    <ClCompile Include="..\src\ONATIONB.cpp">
      <Filter>Source Files</Filter>
    </ClCompile>
    <ClCompile Include="..\src\ONEWS.cpp">
      <Filter>Source Files</Filter>
    </ClCompile>
    <ClCompile Include="..\src\ONEWS2.cpp">
      <Filter>Source Files</Filter>
    </ClCompile>
    <ClCompile Include="..\src\ONEWSENG.cpp">
      <Filter>Source Files</Filter>
    </ClCompile>
    <ClCompile Include="..\src\OOPTMENU.cpp">
      <Filter>Source Files</Filter>
    </ClCompile>
    <ClCompile Include="..\src\OPLANT.cpp">
      <Filter>Source Files</Filter>
    </ClCompile>
    <ClCompile Include="..\src\OPLASMA.cpp">
      <Filter>Source Files</Filter>
    </ClCompile>
    <ClCompile Include="..\src\OPOWER.cpp">
      <Filter>Source Files</Filter>
    </ClCompile>
    <ClCompile Include="..\src\OR_AI.cpp">
      <Filter>Source Files</Filter>
    </ClCompile>
    <ClCompile Include="..\src\OR_ECO.cpp">
      <Filter>Source Files</Filter>
    </ClCompile>
    <ClCompile Include="..\src\OR_MIL.cpp">
      <Filter>Source Files</Filter>
    </ClCompile>
    <ClCompile Include="..\src\OR_NAT.cpp">
      <Filter>Source Files</Filter>
    </ClCompile>
    <ClCompile Include="..\src\OR_NEWS.cpp">
      <Filter>Source Files</Filter>
    </ClCompile>
    <ClCompile Include="..\src\OR_RANK.cpp">
      <Filter>Source Files</Filter>
    </ClCompile>
    <ClCompile Include="..\src\OR_SPY.cpp">
      <Filter>Source Files</Filter>
    </ClCompile>
    <ClCompile Include="..\src\OR_TECH.cpp">
      <Filter>Source Files</Filter>
    </ClCompile>
    <ClCompile Include="..\src\OR_TOWN.cpp">
      <Filter>Source Files</Filter>
    </ClCompile>
    <ClCompile Include="..\src\OR_TRADE.cpp">
      <Filter>Source Files</Filter>
    </ClCompile>
    <ClCompile Include="..\src\ORACERES.cpp">
      <Filter>Source Files</Filter>
    </ClCompile>
    <ClCompile Include="..\src\ORAIN1.cpp">
      <Filter>Source Files</Filter>
    </ClCompile>
    <ClCompile Include="..\src\ORAIN2.cpp">
      <Filter>Source Files</Filter>
    </ClCompile>
    <ClCompile Include="..\src\ORAIN3.cpp">
      <Filter>Source Files</Filter>
    </ClCompile>
    <ClCompile Include="..\src\ORAWRES.cpp">
      <Filter>Source Files</Filter>
    </ClCompile>
    <ClCompile Include="..\src\OREBEL.cpp">
      <Filter>Source Files</Filter>
    </ClCompile>
    <ClCompile Include="..\src\OREGION.cpp">
      <Filter>Source Files</Filter>
    </ClCompile>
    <ClCompile Include="..\src\OREGIONS.cpp">
      <Filter>Source Files</Filter>
    </ClCompile>
    <ClCompile Include="..\src\OREMOTE.cpp">
      <Filter>Source Files</Filter>
    </ClCompile>
    <ClCompile Include="..\src\OREMOTE2.cpp">
      <Filter>Source Files</Filter>
    </ClCompile>
    <ClCompile Include="..\src\OREMOTEM.cpp">
      <Filter>Source Files</Filter>
    </ClCompile>
    <ClCompile Include="..\src\OREMOTEQ.cpp">
      <Filter>Source Files</Filter>
    </ClCompile>
    <ClCompile Include="..\src\ORES.cpp">
      <Filter>Source Files</Filter>
    </ClCompile>
    <ClCompile Include="..\src\ORESDB.cpp">
      <Filter>Source Files</Filter>
    </ClCompile>
    <ClCompile Include="..\src\ORESX.cpp">
      <Filter>Source Files</Filter>
    </ClCompile>
    <ClCompile Include="..\src\OROCK.cpp">
      <Filter>Source Files</Filter>
    </ClCompile>
    <ClCompile Include="..\src\OROCKRES.cpp">
      <Filter>Source Files</Filter>
    </ClCompile>
    <ClCompile Include="..\src\OSaveGameArray.cpp">
      <Filter>Source Files</Filter>
    </ClCompile>
    <ClCompile Include="..\src\OSaveGameInfo.cpp">
      <Filter>Source Files</Filter>
    </ClCompile>
    <ClCompile Include="..\src\OSaveGameProvider.cpp">
      <Filter>Source Files</Filter>
    </ClCompile>
    <ClCompile Include="..\src\OSCROLL.cpp">
      <Filter>Source Files</Filter>
    </ClCompile>
    <ClCompile Include="..\src\OSE.cpp">
      <Filter>Source Files</Filter>
    </ClCompile>
    <ClCompile Include="..\src\OSERES.cpp">
      <Filter>Source Files</Filter>
    </ClCompile>
    <ClCompile Include="..\src\OSFRMRES.cpp">
      <Filter>Source Files</Filter>
    </ClCompile>
    <ClCompile Include="..\src\OSITE.cpp">
      <Filter>Source Files</Filter>
    </ClCompile>
    <ClCompile Include="..\src\OSITEDRW.cpp">
      <Filter>Source Files</Filter>
    </ClCompile>
    <ClCompile Include="..\src\OSKILL.cpp">
      <Filter>Source Files</Filter>
    </ClCompile>
    <ClCompile Include="..\src\OSLIDCUS.cpp">
      <Filter>Source Files</Filter>
    </ClCompile>
    <ClCompile Include="..\src\OSNOW1.cpp">
      <Filter>Source Files</Filter>
    </ClCompile>
    <ClCompile Include="..\src\OSNOW2.cpp">
      <Filter>Source Files</Filter>
    </ClCompile>
    <ClCompile Include="..\src\OSNOWG.cpp">
      <Filter>Source Files</Filter>
    </ClCompile>
    <ClCompile Include="..\src\OSNOWRES.cpp">
      <Filter>Source Files</Filter>
    </ClCompile>
    <ClCompile Include="..\src\OSPATH.cpp">
      <Filter>Source Files</Filter>
    </ClCompile>
    <ClCompile Include="..\src\OSPATHBT.cpp">
      <Filter>Source Files</Filter>
    </ClCompile>
    <ClCompile Include="..\src\OSPREDBG.cpp">
      <Filter>Source Files</Filter>
    </ClCompile>
    <ClCompile Include="..\src\OSPREOFF.cpp">
      <Filter>Source Files</Filter>
    </ClCompile>
    <ClCompile Include="..\src\OSPRESMO.cpp">
      <Filter>Source Files</Filter>
    </ClCompile>
    <ClCompile Include="..\src\OSPREUSE.cpp">
      <Filter>Source Files</Filter>
    </ClCompile>
    <ClCompile Include="..\src\OSPRITE.cpp">
      <Filter>Source Files</Filter>
    </ClCompile>
    <ClCompile Include="..\src\OSPRITE2.cpp">
      <Filter>Source Files</Filter>
    </ClCompile>
    <ClCompile Include="..\src\OSPRITEA.cpp">
      <Filter>Source Files</Filter>
    </ClCompile>
    <ClCompile Include="..\src\OSPRTRES.cpp">
      <Filter>Source Files</Filter>
    </ClCompile>
    <ClCompile Include="..\src\OSPY.cpp">
      <Filter>Source Files</Filter>
    </ClCompile>
    <ClCompile Include="..\src\OSPY2.cpp">
      <Filter>Source Files</Filter>
    </ClCompile>
    <ClCompile Include="..\src\OSPYA.cpp">
      <Filter>Source Files</Filter>
    </ClCompile>
    <ClCompile Include="..\src\OSTR.cpp">
      <Filter>Source Files</Filter>
    </ClCompile>
    <ClCompile Include="..\src\OSYS.cpp">
      <Filter>Source Files</Filter>
    </ClCompile>
    <ClCompile Include="..\src\OSYS2.cpp">
      <Filter>Source Files</Filter>
    </ClCompile>
    <ClCompile Include="..\src\OSYS3.cpp">
      <Filter>Source Files</Filter>
    </ClCompile>
    <ClCompile Include="..\src\OTALKENG.cpp">
      <Filter>Source Files</Filter>
    </ClCompile>
    <ClCompile Include="..\src\OTALKFRE.cpp">
      <Filter>Source Files</Filter>
    </ClCompile>
    <ClCompile Include="..\src\OTALKGER.cpp">
      <Filter>Source Files</Filter>
    </ClCompile>
    <ClCompile Include="..\src\OTALKMSG.cpp">
      <Filter>Source Files</Filter>
    </ClCompile>
    <ClCompile Include="..\src\OTALKRES.cpp">
      <Filter>Source Files</Filter>
    </ClCompile>
    <ClCompile Include="..\src\OTALKSPA.cpp">
      <Filter>Source Files</Filter>
    </ClCompile>
    <ClCompile Include="..\src\OTECHRES.cpp">
      <Filter>Source Files</Filter>
    </ClCompile>
    <ClCompile Include="..\src\OTERRAIN.cpp">
      <Filter>Source Files</Filter>
    </ClCompile>
    <ClCompile Include="..\src\OTORNADO.cpp">
      <Filter>Source Files</Filter>
    </ClCompile>
    <ClCompile Include="..\src\OTOWN.cpp">
      <Filter>Source Files</Filter>
    </ClCompile>
    <ClCompile Include="..\src\OTOWNA.cpp">
      <Filter>Source Files</Filter>
    </ClCompile>
    <ClCompile Include="..\src\OTOWNAI.cpp">
      <Filter>Source Files</Filter>
    </ClCompile>
    <ClCompile Include="..\src\OTOWNBLD.cpp">
      <Filter>Source Files</Filter>
    </ClCompile>
    <ClCompile Include="..\src\OTOWNDRW.cpp">
      <Filter>Source Files</Filter>
    </ClCompile>
    <ClCompile Include="..\src\OTOWNIF.cpp">
      <Filter>Source Files</Filter>
    </ClCompile>
    <ClCompile Include="..\src\OTOWNIND.cpp">
      <Filter>Source Files</Filter>
    </ClCompile>
    <ClCompile Include="..\src\OTownNetwork.cpp">
      <Filter>Source Files</Filter>
    </ClCompile>
    <ClCompile Include="..\src\OTOWNRES.cpp">
      <Filter>Source Files</Filter>
    </ClCompile>
    <ClCompile Include="..\src\OTRANSL.cpp">
      <Filter>Source Files</Filter>
    </ClCompile>
    <ClCompile Include="..\src\OTUTOR.cpp">
      <Filter>Source Files</Filter>
    </ClCompile>
    <ClCompile Include="..\src\OTUTOR2.cpp">
      <Filter>Source Files</Filter>
    </ClCompile>
    <ClCompile Include="..\src\OU_CARA.cpp">
      <Filter>Source Files</Filter>
    </ClCompile>
    <ClCompile Include="..\src\OU_CARA2.cpp">
      <Filter>Source Files</Filter>
    </ClCompile>
    <ClCompile Include="..\src\OU_CARAS.cpp">
      <Filter>Source Files</Filter>
    </ClCompile>
    <ClCompile Include="..\src\OU_CARAT.cpp">
      <Filter>Source Files</Filter>
    </ClCompile>
    <ClCompile Include="..\src\OU_CART.cpp">
      <Filter>Source Files</Filter>
    </ClCompile>
    <ClCompile Include="..\src\OU_GOD.cpp">
      <Filter>Source Files</Filter>
    </ClCompile>
    <ClCompile Include="..\src\OU_GOD2.cpp">
      <Filter>Source Files</Filter>
    </ClCompile>
    <ClCompile Include="..\src\OU_MARI.cpp">
      <Filter>Source Files</Filter>
    </ClCompile>
    <ClCompile Include="..\src\OU_MARI2.cpp">
      <Filter>Source Files</Filter>
    </ClCompile>
    <ClCompile Include="..\src\OU_MARIF.cpp">
      <Filter>Source Files</Filter>
    </ClCompile>
    <ClCompile Include="..\src\OU_MARIS.cpp">
      <Filter>Source Files</Filter>
    </ClCompile>
    <ClCompile Include="..\src\OU_MARIT.cpp">
      <Filter>Source Files</Filter>
    </ClCompile>
    <ClCompile Include="..\src\OU_MONS.cpp">
      <Filter>Source Files</Filter>
    </ClCompile>
    <ClCompile Include="..\src\OU_VEHI.cpp">
      <Filter>Source Files</Filter>
    </ClCompile>
    <ClCompile Include="..\src\OUNIT.cpp">
      <Filter>Source Files</Filter>
    </ClCompile>
    <ClCompile Include="..\src\OUNIT2.cpp">
      <Filter>Source Files</Filter>
    </ClCompile>
    <ClCompile Include="..\src\OUNITA.cpp">
      <Filter>Source Files</Filter>
    </ClCompile>
    <ClCompile Include="..\src\OUNITAAC.cpp">
      <Filter>Source Files</Filter>
    </ClCompile>
    <ClCompile Include="..\src\OUNITAAT.cpp">
      <Filter>Source Files</Filter>
    </ClCompile>
    <ClCompile Include="..\src\OUNITAC.cpp">
      <Filter>Source Files</Filter>
    </ClCompile>
    <ClCompile Include="..\src\OUNITAI.cpp">
      <Filter>Source Files</Filter>
    </ClCompile>
    <ClCompile Include="..\src\OUNITAM.cpp">
      <Filter>Source Files</Filter>
    </ClCompile>
    <ClCompile Include="..\src\OUNITAT.cpp">
      <Filter>Source Files</Filter>
    </ClCompile>
    <ClCompile Include="..\src\OUNITAT2.cpp">
      <Filter>Source Files</Filter>
    </ClCompile>
    <ClCompile Include="..\src\OUNITAT3.cpp">
      <Filter>Source Files</Filter>
    </ClCompile>
    <ClCompile Include="..\src\OUNITATB.cpp">
      <Filter>Source Files</Filter>
    </ClCompile>
    <ClCompile Include="..\src\OUNITD.cpp">
      <Filter>Source Files</Filter>
    </ClCompile>
    <ClCompile Include="..\src\OUNITDRW.cpp">
      <Filter>Source Files</Filter>
    </ClCompile>
    <ClCompile Include="..\src\OUNITHB.cpp">
      <Filter>Source Files</Filter>
    </ClCompile>
    <ClCompile Include="..\src\OUNITI.cpp">
      <Filter>Source Files</Filter>
    </ClCompile>
    <ClCompile Include="..\src\OUNITIF.cpp">
      <Filter>Source Files</Filter>
    </ClCompile>
    <ClCompile Include="..\src\OUNITIND.cpp">
      <Filter>Source Files</Filter>
    </ClCompile>
    <ClCompile Include="..\src\OUNITM.cpp">
      <Filter>Source Files</Filter>
    </ClCompile>
    <ClCompile Include="..\src\OUNITRES.cpp">
      <Filter>Source Files</Filter>
    </ClCompile>
    <ClCompile Include="..\src\OUNITS.cpp">
      <Filter>Source Files</Filter>
    </ClCompile>
    <ClCompile Include="..\src\output_stream.cpp">
      <Filter>Source Files</Filter>
    </ClCompile>
    <ClCompile Include="..\src\OVBROWIF.cpp">
      <Filter>Source Files</Filter>
    </ClCompile>
    <ClCompile Include="..\src\OVBROWSE.cpp">
      <Filter>Source Files</Filter>
    </ClCompile>
    <ClCompile Include="..\src\OVGA.cpp">
      <Filter>Source Files</Filter>
    </ClCompile>
    <ClCompile Include="..\src\OVGABUF.cpp">
      <Filter>Source Files</Filter>
    </ClCompile>
    <ClCompile Include="..\src\OVGABUF2.cpp">
      <Filter>Source Files</Filter>
    </ClCompile>
    <ClCompile Include="..\src\OVGALOCK.cpp">
      <Filter>Source Files</Filter>
    </ClCompile>
    <ClCompile Include="..\src\OVIDEO.cpp">
      <Filter>Source Files</Filter>
    </ClCompile>
    <ClCompile Include="..\src\OVOLUME.cpp">
      <Filter>Source Files</Filter>
    </ClCompile>
    <ClCompile Include="..\src\OVQUEUE.cpp">
      <Filter>Source Files</Filter>
    </ClCompile>
    <ClCompile Include="..\src\OW_FIRE.cpp">
      <Filter>Source Files</Filter>
    </ClCompile>
    <ClCompile Include="..\src\OW_PLANT.cpp">
      <Filter>Source Files</Filter>
    </ClCompile>
    <ClCompile Include="..\src\OW_ROCK.cpp">
      <Filter>Source Files</Filter>
    </ClCompile>
    <ClCompile Include="..\src\OW_SOUND.cpp">
      <Filter>Source Files</Filter>
    </ClCompile>
    <ClCompile Include="..\src\OW_WALL.cpp">
      <Filter>Source Files</Filter>
    </ClCompile>
    <ClCompile Include="..\src\OWALLRES.cpp">
      <Filter>Source Files</Filter>
    </ClCompile>
    <ClCompile Include="..\src\OWARPT.cpp">
      <Filter>Source Files</Filter>
    </ClCompile>
    <ClCompile Include="..\src\OWEATHER.cpp">
      <Filter>Source Files</Filter>
    </ClCompile>
    <ClCompile Include="..\src\OWORLD.cpp">
      <Filter>Source Files</Filter>
    </ClCompile>
    <ClCompile Include="..\src\OWORLD_M.cpp">
      <Filter>Source Files</Filter>
    </ClCompile>
    <ClCompile Include="..\src\OWORLD_Z.cpp">
      <Filter>Source Files</Filter>
    </ClCompile>
    <ClCompile Include="..\src\player_desc.cpp">
      <Filter>Source Files</Filter>
    </ClCompile>
    <ClCompile Include="..\src\curl\WebService.cpp">
      <Filter>Source Files\curl</Filter>
    </ClCompile>
    <ClCompile Include="..\src\LocaleRes.cpp">
      <Filter>Source Files</Filter>
    </ClCompile>
    <ClCompile Include="..\src\PlayerStats.cpp">
      <Filter>Source Files</Filter>
    </ClCompile>
  </ItemGroup>
  <ItemGroup>
    <ClInclude Include="..\include\vga_util.h">
      <Filter>Header Files</Filter>
    </ClInclude>
    <ClInclude Include="..\include\WALLTILE.h">
      <Filter>Header Files</Filter>
    </ClInclude>
    <ClInclude Include="..\include\wav_stream.h">
      <Filter>Header Files</Filter>
    </ClInclude>
    <ClInclude Include="..\include\WebService.h">
      <Filter>Header Files</Filter>
    </ClInclude>
    <ClInclude Include="..\include\ALL.h">
      <Filter>Header Files</Filter>
    </ClInclude>
    <ClInclude Include="..\include\asmfun.h">
      <Filter>Header Files</Filter>
    </ClInclude>
    <ClInclude Include="..\include\audio_base.h">
      <Filter>Header Files</Filter>
    </ClInclude>
    <ClInclude Include="..\include\audio_stream.h">
      <Filter>Header Files</Filter>
    </ClInclude>
    <ClInclude Include="..\include\c99_printf.h">
      <Filter>Header Files</Filter>
    </ClInclude>
    <ClInclude Include="..\include\CmdLine.h">
      <Filter>Header Files</Filter>
    </ClInclude>
    <ClInclude Include="..\include\COLCODE.h">
      <Filter>Header Files</Filter>
    </ClInclude>
    <ClInclude Include="..\include\COLOR.h">
      <Filter>Header Files</Filter>
    </ClInclude>
    <ClInclude Include="..\include\CRC.h">
      <Filter>Header Files</Filter>
    </ClInclude>
    <ClInclude Include="..\include\dbglog.h">
      <Filter>Header Files</Filter>
    </ClInclude>
    <ClInclude Include="..\include\file_input_stream.h">
      <Filter>Header Files</Filter>
    </ClInclude>
    <ClInclude Include="..\include\file_io_visitor.h">
      <Filter>Header Files</Filter>
    </ClInclude>
    <ClInclude Include="..\include\file_output_stream.h">
      <Filter>Header Files</Filter>
    </ClInclude>
    <ClInclude Include="..\include\file_reader.h">
      <Filter>Header Files</Filter>
    </ClInclude>
    <ClInclude Include="..\include\file_util.h">
      <Filter>Header Files</Filter>
    </ClInclude>
    <ClInclude Include="..\include\file_writer.h">
      <Filter>Header Files</Filter>
    </ClInclude>
    <ClInclude Include="..\include\FilePath.h">
      <Filter>Header Files</Filter>
    </ClInclude>
    <ClInclude Include="..\include\GAMEDEF.h">
      <Filter>Header Files</Filter>
    </ClInclude>
    <ClInclude Include="..\include\gettext.h">
      <Filter>Header Files</Filter>
    </ClInclude>
    <ClInclude Include="..\include\gettext-gnu.h">
      <Filter>Header Files</Filter>
    </ClInclude>
    <ClInclude Include="..\include\IMGFUN.h">
      <Filter>Header Files</Filter>
    </ClInclude>
    <ClInclude Include="..\include\input_stream.h">
      <Filter>Header Files</Filter>
    </ClInclude>
    <ClInclude Include="..\include\KEY.h">
      <Filter>Header Files</Filter>
    </ClInclude>
    <ClInclude Include="..\include\LocaleRes.h">
      <Filter>Header Files</Filter>
    </ClInclude>
    <ClInclude Include="..\include\mem_input_stream.h">
      <Filter>Header Files</Filter>
    </ClInclude>
    <ClInclude Include="..\include\misc_uuid.h">
      <Filter>Header Files</Filter>
    </ClInclude>
    <ClInclude Include="..\include\MPTYPES.h">
      <Filter>Header Files</Filter>
    </ClInclude>
    <ClInclude Include="..\include\multiplayer.h">
      <Filter>Header Files</Filter>
    </ClInclude>
    <ClInclude Include="..\include\OANLINE.h">
      <Filter>Header Files</Filter>
    </ClInclude>
    <ClInclude Include="..\include\OAUDIO.h">
      <Filter>Header Files</Filter>
    </ClInclude>
    <ClInclude Include="..\include\OB_FLAME.h">
      <Filter>Header Files</Filter>
    </ClInclude>
    <ClInclude Include="..\include\OB_HOMIN.h">
      <Filter>Header Files</Filter>
    </ClInclude>
    <ClInclude Include="..\include\OB_PROJ.h">
      <Filter>Header Files</Filter>
    </ClInclude>
    <ClInclude Include="..\include\OBATTLE.h">
      <Filter>Header Files</Filter>
    </ClInclude>
    <ClInclude Include="..\include\OBLOB.h">
      <Filter>Header Files</Filter>
    </ClInclude>
    <ClInclude Include="..\include\OBOX.h">
      <Filter>Header Files</Filter>
    </ClInclude>
    <ClInclude Include="..\include\OBULLET.h">
      <Filter>Header Files</Filter>
    </ClInclude>
    <ClInclude Include="..\include\OBUTT3D.h">
      <Filter>Header Files</Filter>
    </ClInclude>
    <ClInclude Include="..\include\OBUTTCUS.h">
      <Filter>Header Files</Filter>
    </ClInclude>
    <ClInclude Include="..\include\OBUTTON.h">
      <Filter>Header Files</Filter>
    </ClInclude>
    <ClInclude Include="..\include\OCOLTBL.h">
      <Filter>Header Files</Filter>
    </ClInclude>
    <ClInclude Include="..\include\OCONFIG.h">
      <Filter>Header Files</Filter>
    </ClInclude>
    <ClInclude Include="..\include\OCRC_STO.h">
      <Filter>Header Files</Filter>
    </ClInclude>
    <ClInclude Include="..\include\ODATE.h">
      <Filter>Header Files</Filter>
    </ClInclude>
    <ClInclude Include="..\include\ODB.h">
      <Filter>Header Files</Filter>
    </ClInclude>
    <ClInclude Include="..\include\ODIR.h">
      <Filter>Header Files</Filter>
    </ClInclude>
    <ClInclude Include="..\include\ODYNARR.h">
      <Filter>Header Files</Filter>
    </ClInclude>
    <ClInclude Include="..\include\ODYNARRB.h">
      <Filter>Header Files</Filter>
    </ClInclude>
    <ClInclude Include="..\include\OEFFECT.h">
      <Filter>Header Files</Filter>
    </ClInclude>
    <ClInclude Include="..\include\OERRCTRL.h">
      <Filter>Header Files</Filter>
    </ClInclude>
    <ClInclude Include="..\include\OERROR.h">
      <Filter>Header Files</Filter>
    </ClInclude>
    <ClInclude Include="..\include\OEXPMASK.h">
      <Filter>Header Files</Filter>
    </ClInclude>
    <ClInclude Include="..\include\OF_BASE.h">
      <Filter>Header Files</Filter>
    </ClInclude>
    <ClInclude Include="..\include\OF_CAMP.h">
      <Filter>Header Files</Filter>
    </ClInclude>
    <ClInclude Include="..\include\OF_FACT.h">
      <Filter>Header Files</Filter>
    </ClInclude>
    <ClInclude Include="..\include\OF_HARB.h">
      <Filter>Header Files</Filter>
    </ClInclude>
    <ClInclude Include="..\include\OF_INN.h">
      <Filter>Header Files</Filter>
    </ClInclude>
    <ClInclude Include="..\include\OF_MARK.h">
      <Filter>Header Files</Filter>
    </ClInclude>
    <ClInclude Include="..\include\OF_MINE.h">
      <Filter>Header Files</Filter>
    </ClInclude>
    <ClInclude Include="..\include\OF_MONS.h">
      <Filter>Header Files</Filter>
    </ClInclude>
    <ClInclude Include="..\include\OF_RESE.h">
      <Filter>Header Files</Filter>
    </ClInclude>
    <ClInclude Include="..\include\OF_WAR.h">
      <Filter>Header Files</Filter>
    </ClInclude>
    <ClInclude Include="..\include\OFILE.h">
      <Filter>Header Files</Filter>
    </ClInclude>
    <ClInclude Include="..\include\OFILETXT.h">
      <Filter>Header Files</Filter>
    </ClInclude>
    <ClInclude Include="..\include\OFIRERES.h">
      <Filter>Header Files</Filter>
    </ClInclude>
    <ClInclude Include="..\include\OFIRM.h">
      <Filter>Header Files</Filter>
    </ClInclude>
    <ClInclude Include="..\include\OFIRMA.h">
      <Filter>Header Files</Filter>
    </ClInclude>
    <ClInclude Include="..\include\OFIRMALL.h">
      <Filter>Header Files</Filter>
    </ClInclude>
    <ClInclude Include="..\include\OFIRMDIE.h">
      <Filter>Header Files</Filter>
    </ClInclude>
    <ClInclude Include="..\include\OFIRMID.h">
      <Filter>Header Files</Filter>
    </ClInclude>
    <ClInclude Include="..\include\OFIRMRES.h">
      <Filter>Header Files</Filter>
    </ClInclude>
    <ClInclude Include="..\include\OFLAME.h">
      <Filter>Header Files</Filter>
    </ClInclude>
    <ClInclude Include="..\include\OFONT.h">
      <Filter>Header Files</Filter>
    </ClInclude>
    <ClInclude Include="..\include\OGAME.h">
      <Filter>Header Files</Filter>
    </ClInclude>
    <ClInclude Include="..\include\OGAMESET.h">
      <Filter>Header Files</Filter>
    </ClInclude>
    <ClInclude Include="..\include\OGAMHALL.h">
      <Filter>Header Files</Filter>
    </ClInclude>
    <ClInclude Include="..\include\OGET.h">
      <Filter>Header Files</Filter>
    </ClInclude>
    <ClInclude Include="..\include\OGETA.h">
      <Filter>Header Files</Filter>
    </ClInclude>
    <ClInclude Include="..\include\OGF_V1.h">
      <Filter>Header Files</Filter>
    </ClInclude>
    <ClInclude Include="..\include\OGFILE.h">
      <Filter>Header Files</Filter>
    </ClInclude>
    <ClInclude Include="..\include\OGODRES.h">
      <Filter>Header Files</Filter>
    </ClInclude>
    <ClInclude Include="..\include\OGRPSEL.h">
      <Filter>Header Files</Filter>
    </ClInclude>
    <ClInclude Include="..\include\OHELP.h">
      <Filter>Header Files</Filter>
    </ClInclude>
    <ClInclude Include="..\include\OHILLRES.h">
      <Filter>Header Files</Filter>
    </ClInclude>
    <ClInclude Include="..\include\OHSETRES.h">
      <Filter>Header Files</Filter>
    </ClInclude>
    <ClInclude Include="..\include\OIMGRES.h">
      <Filter>Header Files</Filter>
    </ClInclude>
    <ClInclude Include="..\include\OINFO.h">
      <Filter>Header Files</Filter>
    </ClInclude>
    <ClInclude Include="..\include\OINGMENU.h">
      <Filter>Header Files</Filter>
    </ClInclude>
    <ClInclude Include="..\include\OISOAREA.h">
      <Filter>Header Files</Filter>
    </ClInclude>
    <ClInclude Include="..\include\OLIGHTN.h">
      <Filter>Header Files</Filter>
    </ClInclude>
    <ClInclude Include="..\include\OLOG.h">
      <Filter>Header Files</Filter>
    </ClInclude>
    <ClInclude Include="..\include\OLONGLOG.h">
      <Filter>Header Files</Filter>
    </ClInclude>
    <ClInclude Include="..\include\OLZW.h">
      <Filter>Header Files</Filter>
    </ClInclude>
    <ClInclude Include="..\include\OMATRIX.h">
      <Filter>Header Files</Filter>
    </ClInclude>
    <ClInclude Include="..\include\OMISC.h">
      <Filter>Header Files</Filter>
    </ClInclude>
    <ClInclude Include="..\include\OMLINK.h">
      <Filter>Header Files</Filter>
    </ClInclude>
    <ClInclude Include="..\include\OMONSRES.h">
      <Filter>Header Files</Filter>
    </ClInclude>
    <ClInclude Include="..\include\OMOUSE.h">
      <Filter>Header Files</Filter>
    </ClInclude>
    <ClInclude Include="..\include\OMOUSE2.h">
      <Filter>Header Files</Filter>
    </ClInclude>
    <ClInclude Include="..\include\OMOUSECR.h">
      <Filter>Header Files</Filter>
    </ClInclude>
    <ClInclude Include="..\include\OMP_CRC.h">
      <Filter>Header Files</Filter>
    </ClInclude>
    <ClInclude Include="..\include\OMUSIC.h">
      <Filter>Header Files</Filter>
    </ClInclude>
    <ClInclude Include="..\include\ONATION.h">
      <Filter>Header Files</Filter>
    </ClInclude>
    <ClInclude Include="..\include\ONATIONA.h">
      <Filter>Header Files</Filter>
    </ClInclude>
    <ClInclude Include="..\include\ONATIONB.h">
      <Filter>Header Files</Filter>
    </ClInclude>
    <ClInclude Include="..\include\ONEWS.h">
      <Filter>Header Files</Filter>
    </ClInclude>
    <ClInclude Include="..\include\OOPTMENU.h">
      <Filter>Header Files</Filter>
    </ClInclude>
    <ClInclude Include="..\include\openal_audio.h">
      <Filter>Header Files</Filter>
    </ClInclude>
    <ClInclude Include="..\include\OPLANT.h">
      <Filter>Header Files</Filter>
    </ClInclude>
    <ClInclude Include="..\include\OPLASMA.h">
      <Filter>Header Files</Filter>
    </ClInclude>
    <ClInclude Include="..\include\OPOWER.h">
      <Filter>Header Files</Filter>
    </ClInclude>
    <ClInclude Include="..\include\ORACERES.h">
      <Filter>Header Files</Filter>
    </ClInclude>
    <ClInclude Include="..\include\ORAIN.h">
      <Filter>Header Files</Filter>
    </ClInclude>
    <ClInclude Include="..\include\ORAWRES.h">
      <Filter>Header Files</Filter>
    </ClInclude>
    <ClInclude Include="..\include\OREBEL.h">
      <Filter>Header Files</Filter>
    </ClInclude>
    <ClInclude Include="..\include\OREGION.h">
      <Filter>Header Files</Filter>
    </ClInclude>
    <ClInclude Include="..\include\OREGIONS.h">
      <Filter>Header Files</Filter>
    </ClInclude>
    <ClInclude Include="..\include\OREMOTE.h">
      <Filter>Header Files</Filter>
    </ClInclude>
    <ClInclude Include="..\include\OREMOTEQ.h">
      <Filter>Header Files</Filter>
    </ClInclude>
    <ClInclude Include="..\include\ORES.h">
      <Filter>Header Files</Filter>
    </ClInclude>
    <ClInclude Include="..\include\ORESDB.h">
      <Filter>Header Files</Filter>
    </ClInclude>
    <ClInclude Include="..\include\ORESX.h">
      <Filter>Header Files</Filter>
    </ClInclude>
    <ClInclude Include="..\include\OROCK.h">
      <Filter>Header Files</Filter>
    </ClInclude>
    <ClInclude Include="..\include\OROCKRES.h">
      <Filter>Header Files</Filter>
    </ClInclude>
    <ClInclude Include="..\include\OSaveGameArray.h">
      <Filter>Header Files</Filter>
    </ClInclude>
    <ClInclude Include="..\include\OSaveGameInfo.h">
      <Filter>Header Files</Filter>
    </ClInclude>
    <ClInclude Include="..\include\OSaveGameProvider.h">
      <Filter>Header Files</Filter>
    </ClInclude>
    <ClInclude Include="..\include\OSCROLL.h">
      <Filter>Header Files</Filter>
    </ClInclude>
    <ClInclude Include="..\include\OSE.h">
      <Filter>Header Files</Filter>
    </ClInclude>
    <ClInclude Include="..\include\OSERES.h">
      <Filter>Header Files</Filter>
    </ClInclude>
    <ClInclude Include="..\include\OSFRMRES.h">
      <Filter>Header Files</Filter>
    </ClInclude>
    <ClInclude Include="..\include\OSITE.h">
      <Filter>Header Files</Filter>
    </ClInclude>
    <ClInclude Include="..\include\OSKILL.h">
      <Filter>Header Files</Filter>
    </ClInclude>
    <ClInclude Include="..\include\OSLIDCUS.h">
      <Filter>Header Files</Filter>
    </ClInclude>
    <ClInclude Include="..\include\OSLIDER.h">
      <Filter>Header Files</Filter>
    </ClInclude>
    <ClInclude Include="..\include\OSNOW.h">
      <Filter>Header Files</Filter>
    </ClInclude>
    <ClInclude Include="..\include\OSNOWG.h">
      <Filter>Header Files</Filter>
    </ClInclude>
    <ClInclude Include="..\include\OSNOWRES.h">
      <Filter>Header Files</Filter>
    </ClInclude>
    <ClInclude Include="..\include\OSPATH.h">
      <Filter>Header Files</Filter>
    </ClInclude>
    <ClInclude Include="..\include\OSPINNER.h">
      <Filter>Header Files</Filter>
    </ClInclude>
    <ClInclude Include="..\include\OSPREUSE.h">
      <Filter>Header Files</Filter>
    </ClInclude>
    <ClInclude Include="..\include\OSPRITE.h">
      <Filter>Header Files</Filter>
    </ClInclude>
    <ClInclude Include="..\include\OSPRTRES.h">
      <Filter>Header Files</Filter>
    </ClInclude>
    <ClInclude Include="..\include\OSPY.h">
      <Filter>Header Files</Filter>
    </ClInclude>
    <ClInclude Include="..\include\OSTR.h">
      <Filter>Header Files</Filter>
    </ClInclude>
    <ClInclude Include="..\include\OSYS.h">
      <Filter>Header Files</Filter>
    </ClInclude>
    <ClInclude Include="..\include\OTALKMSG.h">
      <Filter>Header Files</Filter>
    </ClInclude>
    <ClInclude Include="..\include\OTALKRES.h">
      <Filter>Header Files</Filter>
    </ClInclude>
    <ClInclude Include="..\include\OTARRAY.h">
      <Filter>Header Files</Filter>
    </ClInclude>
    <ClInclude Include="..\include\OTECHRES.h">
      <Filter>Header Files</Filter>
    </ClInclude>
    <ClInclude Include="..\include\OTERRAIN.h">
      <Filter>Header Files</Filter>
    </ClInclude>
    <ClInclude Include="..\include\OTORNADO.h">
      <Filter>Header Files</Filter>
    </ClInclude>
    <ClInclude Include="..\include\OTOWN.h">
      <Filter>Header Files</Filter>
    </ClInclude>
    <ClInclude Include="..\include\OTownNetwork.h">
      <Filter>Header Files</Filter>
    </ClInclude>
    <ClInclude Include="..\include\OTOWNREC.h">
      <Filter>Header Files</Filter>
    </ClInclude>
    <ClInclude Include="..\include\OTOWNRES.h">
      <Filter>Header Files</Filter>
    </ClInclude>
    <ClInclude Include="..\include\OTRANSL.h">
      <Filter>Header Files</Filter>
    </ClInclude>
    <ClInclude Include="..\include\OTUTOR.h">
      <Filter>Header Files</Filter>
    </ClInclude>
    <ClInclude Include="..\include\OU_CARA.h">
      <Filter>Header Files</Filter>
    </ClInclude>
    <ClInclude Include="..\include\OU_CART.h">
      <Filter>Header Files</Filter>
    </ClInclude>
    <ClInclude Include="..\include\OU_GOD.h">
      <Filter>Header Files</Filter>
    </ClInclude>
    <ClInclude Include="..\include\OU_MARI.h">
      <Filter>Header Files</Filter>
    </ClInclude>
    <ClInclude Include="..\include\OU_MONS.h">
      <Filter>Header Files</Filter>
    </ClInclude>
    <ClInclude Include="..\include\OU_VEHI.h">
      <Filter>Header Files</Filter>
    </ClInclude>
    <ClInclude Include="..\include\OUNIT.h">
      <Filter>Header Files</Filter>
    </ClInclude>
    <ClInclude Include="..\include\OUNITALL.h">
      <Filter>Header Files</Filter>
    </ClInclude>
    <ClInclude Include="..\include\OUNITRES.h">
      <Filter>Header Files</Filter>
    </ClInclude>
    <ClInclude Include="..\include\output_stream.h">
      <Filter>Header Files</Filter>
    </ClInclude>
    <ClInclude Include="..\include\OVBROWIF.h">
      <Filter>Header Files</Filter>
    </ClInclude>
    <ClInclude Include="..\include\OVBROWSE.h">
      <Filter>Header Files</Filter>
    </ClInclude>
    <ClInclude Include="..\include\OVGA.h">
      <Filter>Header Files</Filter>
    </ClInclude>
    <ClInclude Include="..\include\OVGABUF.h">
      <Filter>Header Files</Filter>
    </ClInclude>
    <ClInclude Include="..\include\OVGALOCK.h">
      <Filter>Header Files</Filter>
    </ClInclude>
    <ClInclude Include="..\include\OVIDEO.h">
      <Filter>Header Files</Filter>
    </ClInclude>
    <ClInclude Include="..\include\OVOLUME.h">
      <Filter>Header Files</Filter>
    </ClInclude>
    <ClInclude Include="..\include\OVQUEUE.h">
      <Filter>Header Files</Filter>
    </ClInclude>
    <ClInclude Include="..\include\OWALLRES.h">
      <Filter>Header Files</Filter>
    </ClInclude>
    <ClInclude Include="..\include\OWARPT.h">
      <Filter>Header Files</Filter>
    </ClInclude>
    <ClInclude Include="..\include\OWEATHER.h">
      <Filter>Header Files</Filter>
    </ClInclude>
    <ClInclude Include="..\include\OWORLD.h">
      <Filter>Header Files</Filter>
    </ClInclude>
    <ClInclude Include="..\include\OWORLDMT.h">
      <Filter>Header Files</Filter>
    </ClInclude>
    <ClInclude Include="..\include\player_desc.h">
      <Filter>Header Files</Filter>
    </ClInclude>
    <ClInclude Include="..\include\posix_string_compat.h">
      <Filter>Header Files</Filter>
    </ClInclude>
    <ClInclude Include="..\include\ReplayFile.h">
      <Filter>Header Files</Filter>
    </ClInclude>
    <ClInclude Include="..\include\RESOURCE.h">
      <Filter>Header Files</Filter>
    </ClInclude>
    <ClInclude Include="..\include\session_desc.h">
      <Filter>Header Files</Filter>
    </ClInclude>
    <ClInclude Include="..\include\storage_constants.h">
      <Filter>Header Files</Filter>
    </ClInclude>
    <ClInclude Include="..\include\version.h">
      <Filter>Header Files</Filter>
    </ClInclude>
    <ClInclude Include="..\include\PlayerStats.h">
      <Filter>Header Files</Filter>
    </ClInclude>
  </ItemGroup>
</Project>